# This file is automatically @generated by Cargo.
# It is not intended for manual editing.
version = 4

[[package]]
name = "ink-audio"
version = "0.0.0"
dependencies = [
 "ink-core",
]

[[package]]
name = "ink-bench"
version = "0.0.0"
dependencies = [
 "ink-core",
]

[[package]]
name = "ink-core"
version = "0.0.0"
dependencies = [
 "ink-core",
]

[[package]]
name = "ink-echo"
version = "0.0.0"
dependencies = [
 "ink-core",
]

[[package]]
name = "ink-engines"
version = "0.0.0"
dependencies = [
 "ink-core",
]

[[package]]
name = "ink-ffi"
version = "0.0.0"
dependencies = [
 "ink-core",
]

[[package]]
name = "ink-llm"
version = "0.0.0"
dependencies = [
 "ink-core",
]

[[package]]
name = "ink-pipeline"
version = "0.0.0"
dependencies = [
 "ink-core",
]

[[package]]
name = "ink-platform-mac"
version = "0.0.0"
dependencies = [
 "ink-core",
]

[[package]]
name = "ink-platform-win"
version = "0.0.0"
dependencies = [
 "ink-core",
]

[[package]]
name = "ink-store"
version = "0.0.0"
dependencies = [
 "ink-core",
]
